
Microsoft Visual Studio Solution File, Format Version 12.00
# Visual Studio Version 16
VisualStudioVersion = 16.0.31005.135
MinimumVisualStudioVersion = 10.0.40219.1
Project("{FAE04EC0-301F-11D3-BF4B-00C04F79EFBC}") = "GarryBoats", "GarryBoats\GarryBoats.csproj", "{F57EF205-347D-48A6-9BB6-1761D2CBAE3F}"
EndProject
Project("{FAE04EC0-301F-11D3-BF4B-00C04F79EFBC}") = "GarryBoats.Data", "GarryBoats.Data\GarryBoats.Data.csproj", "{697F8D36-7448-4AEA-8067-641B6781789F}"
EndProject
Project("{FAE04EC0-301F-11D3-BF4B-00C04F79EFBC}") = "GarryBoats.Models", "GarryBoats.Models\GarryBoats.Models.csproj", "{36909FA5-F8CC-4DB7-8F0B-1150DBA4D712}"
EndProject
Project("{FAE04EC0-301F-11D3-BF4B-00C04F79EFBC}") = "GarryBoats.Services", "GarryBoats.Services\GarryBoats.Services.csproj", "{105946DC-A199-46DE-9706-CCBB1FB02135}"
EndProject
Project("{FAE04EC0-301F-11D3-BF4B-00C04F79EFBC}") = "GarryBoats.Contracts", "GarryBoats.Contracts\GarryBoats.Contracts.csproj", "{ED4DC47D-83A5-4A56-BC3F-45D038385EDA}"
EndProject
Global
	GlobalSection(SolutionConfigurationPlatforms) = preSolution
		Debug|Any CPU = Debug|Any CPU
		Release|Any CPU = Release|Any CPU
	EndGlobalSection
	GlobalSection(ProjectConfigurationPlatforms) = postSolution
		{F57EF205-347D-48A6-9BB6-1761D2CBAE3F}.Debug|Any CPU.ActiveCfg = Debug|Any CPU
		{F57EF205-347D-48A6-9BB6-1761D2CBAE3F}.Debug|Any CPU.Build.0 = Debug|Any CPU
		{F57EF205-347D-48A6-9BB6-1761D2CBAE3F}.Release|Any CPU.ActiveCfg = Release|Any CPU
		{F57EF205-347D-48A6-9BB6-1761D2CBAE3F}.Release|Any CPU.Build.0 = Release|Any CPU
		{697F8D36-7448-4AEA-8067-641B6781789F}.Debug|Any CPU.ActiveCfg = Debug|Any CPU
		{697F8D36-7448-4AEA-8067-641B6781789F}.Debug|Any CPU.Build.0 = Debug|Any CPU
		{697F8D36-7448-4AEA-8067-641B6781789F}.Release|Any CPU.ActiveCfg = Release|Any CPU
		{697F8D36-7448-4AEA-8067-641B6781789F}.Release|Any CPU.Build.0 = Release|Any CPU
		{36909FA5-F8CC-4DB7-8F0B-1150DBA4D712}.Debug|Any CPU.ActiveCfg = Debug|Any CPU
		{36909FA5-F8CC-4DB7-8F0B-1150DBA4D712}.Debug|Any CPU.Build.0 = Debug|Any CPU
		{36909FA5-F8CC-4DB7-8F0B-1150DBA4D712}.Release|Any CPU.ActiveCfg = Release|Any CPU
		{36909FA5-F8CC-4DB7-8F0B-1150DBA4D712}.Release|Any CPU.Build.0 = Release|Any CPU
		{105946DC-A199-46DE-9706-CCBB1FB02135}.Debug|Any CPU.ActiveCfg = Debug|Any CPU
		{105946DC-A199-46DE-9706-CCBB1FB02135}.Debug|Any CPU.Build.0 = Debug|Any CPU
		{105946DC-A199-46DE-9706-CCBB1FB02135}.Release|Any CPU.ActiveCfg = Release|Any CPU
		{105946DC-A199-46DE-9706-CCBB1FB02135}.Release|Any CPU.Build.0 = Release|Any CPU
		{ED4DC47D-83A5-4A56-BC3F-45D038385EDA}.Debug|Any CPU.ActiveCfg = Debug|Any CPU
		{ED4DC47D-83A5-4A56-BC3F-45D038385EDA}.Debug|Any CPU.Build.0 = Debug|Any CPU
		{ED4DC47D-83A5-4A56-BC3F-45D038385EDA}.Release|Any CPU.ActiveCfg = Release|Any CPU
		{ED4DC47D-83A5-4A56-BC3F-45D038385EDA}.Release|Any CPU.Build.0 = Release|Any CPU
	EndGlobalSection
	GlobalSection(SolutionProperties) = preSolution
		HideSolutionNode = FALSE
	EndGlobalSection
	GlobalSection(ExtensibilityGlobals) = postSolution
		SolutionGuid = {31B576A4-E084-404C-86A5-44896ACCF5E2}
	EndGlobalSection
EndGlobal
